{
  "persistence.nvim": {
    "commit": "4b8051c"
  },
  "cmp-nvim-lsp": {
    "commit": "0e6b2ed"
  },
  "cmp_luasnip": {
    "commit": "1809552"
  },
  "nvim-dap": {
    "commit": "56118ce"
  },
  "mason.nvim": {
    "commit": "08b2fd3"
  },
  "nvim-dap-vscode-js": {
    "commit": "03bd296"
  },
  "nightfox.nvim": {
    "commit": "77aa745"
  },
  "nvim-lspconfig": {
    "commit": "465042c"
  },
  "packer.nvim": {
    "commit": "1d0cf98"
  },
  "nvim-autopairs": {
    "commit": "59df87a"
  },
  "Comment.nvim": {
    "commit": "e1fe531"
  },
  "which-key.nvim": {
    "commit": "e271c28"
  },
  "dashboard-nvim": {
    "commit": "0af0ad1"
  },
  "LuaSnip": {
    "commit": "a83e4b1"
  },
  "playground": {
    "commit": "2b81a01"
  },
  "telescope-fzf-native.nvim": {
    "commit": "9bc8237"
  },
  "diffview.nvim": {
    "commit": "bff58a6"
  },
  "nvim-dap-ui": {
    "commit": "c693e80"
  },
  "nvim-neoclip.lua": {
    "commit": "4e406ae"
  },
  "toggleterm.nvim": {
    "commit": "026dff5"
  },
  "plenary.nvim": {
    "commit": "5254482"
  },
  "gitsigns.nvim": {
    "commit": "f868d82"
  },
  "glow.nvim": {
    "commit": "bbd0473"
  },
  "nvim-web-devicons": {
    "commit": "2a12502"
  },
  "nvim-cmp": {
    "commit": "1088b37"
  },
  "nvim-treesitter": {
    "commit": "736a672a"
  },
  "telescope-dap.nvim": {
    "commit": "313d2ea"
  },
  "cmp-cmdline": {
    "commit": "5af1bb7"
  },
  "nvim-dap-virtual-text": {
    "commit": "57f1dbd"
  },
  "telescope-repo.nvim": {
    "commit": "d069994"
  },
  "telescope.nvim": {
    "commit": "6d3fbff"
  },
  "nvim-tree.lua": {
    "commit": "e2a4c9d"
  },
  "code_runner.nvim": {
    "commit": "01ce754"
  },
  "lualine.nvim": {
    "commit": "05d78e9"
  },
  "cmp-buffer": {
    "commit": "3022dbc"
  },
  "barbar.nvim": {
    "commit": "f0212c3"
  },
  "cmp-path": {
    "commit": "91ff86c"
  },
  "lspsaga.nvim": {
    "commit": "14f0c87"
  },
  "williamboman/mason-lspconfig.nvim": {
    "commit": "828a538"
  },
  "windwp/nvim-ts-autotag": {
    "commit": "6be1192"
  }
}
